// !$*UTF8*$!
{
	archiveVersion = 1;
	classes = {
	};
	objectVersion = 56;
	objects = {

/* Begin PBXBuildFile section */
		EC68CC972B54ACEA0052CCE1 /* AppDelegate.swift in Sources */ = {isa = PBXBuildFile; fileRef = EC68CC962B54ACEA0052CCE1 /* AppDelegate.swift */; };
		EC68CC992B54ACEA0052CCE1 /* SceneDelegate.swift in Sources */ = {isa = PBXBuildFile; fileRef = EC68CC982B54ACEA0052CCE1 /* SceneDelegate.swift */; };
		EC68CC9B2B54ACEA0052CCE1 /* ViewController.swift in Sources */ = {isa = PBXBuildFile; fileRef = EC68CC9A2B54ACEA0052CCE1 /* ViewController.swift */; };
		EC68CC9E2B54ACEA0052CCE1 /* Main.storyboard in Resources */ = {isa = PBXBuildFile; fileRef = EC68CC9C2B54ACEA0052CCE1 /* Main.storyboard */; };
		EC68CCA02B54ACEB0052CCE1 /* Assets.xcassets in Resources */ = {isa = PBXBuildFile; fileRef = EC68CC9F2B54ACEB0052CCE1 /* Assets.xcassets */; };
		EC68CCA32B54ACEB0052CCE1 /* LaunchScreen.storyboard in Resources */ = {isa = PBXBuildFile; fileRef = EC68CCA12B54ACEB0052CCE1 /* LaunchScreen.storyboard */; };
		EC68CCAE2B54ACEB0052CCE1 /* application1Tests.swift in Sources */ = {isa = PBXBuildFile; fileRef = EC68CCAD2B54ACEB0052CCE1 /* application1Tests.swift */; };
		EC68CCB82B54ACEB0052CCE1 /* application1UITests.swift in Sources */ = {isa = PBXBuildFile; fileRef = EC68CCB72B54ACEB0052CCE1 /* application1UITests.swift */; };
		EC68CCBA2B54ACEB0052CCE1 /* application1UITestsLaunchTests.swift in Sources */ = {isa = PBXBuildFile; fileRef = EC68CCB92B54ACEB0052CCE1 /* application1UITestsLaunchTests.swift */; };
/* End PBXBuildFile section */

/* Begin PBXContainerItemProxy section */
		EC68CCAA2B54ACEB0052CCE1 /* PBXContainerItemProxy */ = {
			isa = PBXContainerItemProxy;
			containerPortal = EC68CC8B2B54ACEA0052CCE1 /* Project object */;
			proxyType = 1;
			remoteGlobalIDString = EC68CC922B54ACEA0052CCE1;
			remoteInfo = application1;
		};
		EC68CCB42B54ACEB0052CCE1 /* PBXContainerItemProxy */ = {
			isa = PBXContainerItemProxy;
			containerPortal = EC68CC8B2B54ACEA0052CCE1 /* Project object */;
			proxyType = 1;
			remoteGlobalIDString = EC68CC922B54ACEA0052CCE1;
			remoteInfo = application1;
		};
/* End PBXContainerItemProxy section */

/* Begin PBXFileReference section */
		EC68CC932B54ACEA0052CCE1 /* application1.app */ = {isa = PBXFileReference; explicitFileType = wrapper.application; includeInIndex = 0; path = application1.app; sourceTree = BUILT_PRODUCTS_DIR; };
		EC68CC962B54ACEA0052CCE1 /* AppDelegate.swift */ = {isa = PBXFileReference; lastKnownFileType = sourcecode.swift; path = AppDelegate.swift; sourceTree = "<group>"; };
		EC68CC982B54ACEA0052CCE1 /* SceneDelegate.swift */ = {isa = PBXFileReference; lastKnownFileType = sourcecode.swift; path = SceneDelegate.swift; sourceTree = "<group>"; };
		EC68CC9A2B54ACEA0052CCE1 /* ViewController.swift */ = {isa = PBXFileReference; lastKnownFileType = sourcecode.swift; path = ViewController.swift; sourceTree = "<group>"; };
		EC68CC9D2B54ACEA0052CCE1 /* Base */ = {isa = PBXFileReference; lastKnownFileType = file.storyboard; name = Base; path = Base.lproj/Main.storyboard; sourceTree = "<group>"; };
		EC68CC9F2B54ACEB0052CCE1 /* Assets.xcassets */ = {isa = PBXFileReference; lastKnownFileType = folder.assetcatalog; path = Assets.xcassets; sourceTree = "<group>"; };
		EC68CCA22B54ACEB0052CCE1 /* Base */ = {isa = PBXFileReference; lastKnownFileType = file.storyboard; name = Base; path = Base.lproj/LaunchScreen.storyboard; sourceTree = "<group>"; };
		EC68CCA42B54ACEB0052CCE1 /* Info.plist */ = {isa = PBXFileReference; lastKnownFileType = text.plist.xml; path = Info.plist; sourceTree = "<group>"; };
		EC68CCA92B54ACEB0052CCE1 /* application1Tests.xctest */ = {isa = PBXFileReference; explicitFileType = wrapper.cfbundle; includeInIndex = 0; path = application1Tests.xctest; sourceTree = BUILT_PRODUCTS_DIR; };
		EC68CCAD2B54ACEB0052CCE1 /* application1Tests.swift */ = {isa = PBXFileReference; lastKnownFileType = sourcecode.swift; path = application1Tests.swift; sourceTree = "<group>"; };
		EC68CCB32B54ACEB0052CCE1 /* application1UITests.xctest */ = {isa = PBXFileReference; explicitFileType = wrapper.cfbundle; includeInIndex = 0; path = application1UITests.xctest; sourceTree = BUILT_PRODUCTS_DIR; };
		EC68CCB72B54ACEB0052CCE1 /* application1UITests.swift */ = {isa = PBXFileReference; lastKnownFileType = sourcecode.swift; path = application1UITests.swift; sourceTree = "<group>"; };
		EC68CCB92B54ACEB0052CCE1 /* application1UITestsLaunchTests.swift */ = {isa = PBXFileReference; lastKnownFileType = sourcecode.swift; path = application1UITestsLaunchTests.swift; sourceTree = "<group>"; };
/* End PBXFileReference section */

/* Begin PBXFrameworksBuildPhase section */
		EC68CC902B54ACEA0052CCE1 /* Frameworks */ = {
			isa = PBXFrameworksBuildPhase;
			buildActionMask = 2147483647;
			files = (
			);
			runOnlyForDeploymentPostprocessing = 0;
		};
		EC68CCA62B54ACEB0052CCE1 /* Frameworks */ = {
			isa = PBXFrameworksBuildPhase;
			buildActionMask = 2147483647;
			files = (
			);
			runOnlyForDeploymentPostprocessing = 0;
		};
		EC68CCB02B54ACEB0052CCE1 /* Frameworks */ = {
			isa = PBXFrameworksBuildPhase;
			buildActionMask = 2147483647;
			files = (
			);
			runOnlyForDeploymentPostprocessing = 0;
		};
/* End PBXFrameworksBuildPhase section */

/* Begin PBXGroup section */
		EC68CC8A2B54ACEA0052CCE1 = {
			isa = PBXGroup;
			children = (
				EC68CC952B54ACEA0052CCE1 /* application1 */,
				EC68CCAC2B54ACEB0052CCE1 /* application1Tests */,
				EC68CCB62B54ACEB0052CCE1 /* application1UITests */,
				EC68CC942B54ACEA0052CCE1 /* Products */,
			);
			sourceTree = "<group>";
		};
		EC68CC942B54ACEA0052CCE1 /* Products */ = {
			isa = PBXGroup;
			children = (
				EC68CC932B54ACEA0052CCE1 /* application1.app */,
				EC68CCA92B54ACEB0052CCE1 /* application1Tests.xctest */,
				EC68CCB32B54ACEB0052CCE1 /* application1UITests.xctest */,
			);
			name = Products;
			sourceTree = "<group>";
		};
		EC68CC952B54ACEA0052CCE1 /* application1 */ = {
			isa = PBXGroup;
			children = (
				EC68CC962B54ACEA0052CCE1 /* AppDelegate.swift */,
				EC68CC982B54ACEA0052CCE1 /* SceneDelegate.swift */,
				EC68CC9A2B54ACEA0052CCE1 /* ViewController.swift */,
				EC68CC9C2B54ACEA0052CCE1 /* Main.storyboard */,
				EC68CC9F2B54ACEB0052CCE1 /* Assets.xcassets */,
				EC68CCA12B54ACEB0052CCE1 /* LaunchScreen.storyboard */,
				EC68CCA42B54ACEB0052CCE1 /* Info.plist */,
			);
			path = application1;
			sourceTree = "<group>";
		};
		EC68CCAC2B54ACEB0052CCE1 /* application1Tests */ = {
			isa = PBXGroup;
			children = (
				EC68CCAD2B54ACEB0052CCE1 /* application1Tests.swift */,
			);
			path = application1Tests;
			sourceTree = "<group>";
		};
		EC68CCB62B54ACEB0052CCE1 /* application1UITests */ = {
			isa = PBXGroup;
			children = (
				EC68CCB72B54ACEB0052CCE1 /* application1UITests.swift */,
				EC68CCB92B54ACEB0052CCE1 /* application1UITestsLaunchTests.swift */,
			);
			path = application1UITests;
			sourceTree = "<group>";
		};
/* End PBXGroup section */

/* Begin PBXNativeTarget section */
		EC68CC922B54ACEA0052CCE1 /* application1 */ = {
			isa = PBXNativeTarget;
			buildConfigurationList = EC68CCBD2B54ACEB0052CCE1 /* Build configuration list for PBXNativeTarget "application1" */;
			buildPhases = (
				EC68CC8F2B54ACEA0052CCE1 /* Sources */,
				EC68CC902B54ACEA0052CCE1 /* Frameworks */,
				EC68CC912B54ACEA0052CCE1 /* Resources */,
			);
			buildRules = (
			);
			dependencies = (
			);
			name = application1;
			productName = application1;
			productReference = EC68CC932B54ACEA0052CCE1 /* application1.app */;
			productType = "com.apple.product-type.application";
		};
		EC68CCA82B54ACEB0052CCE1 /* application1Tests */ = {
			isa = PBXNativeTarget;
			buildConfigurationList = EC68CCC02B54ACEB0052CCE1 /* Build configuration list for PBXNativeTarget "application1Tests" */;
			buildPhases = (
				EC68CCA52B54ACEB0052CCE1 /* Sources */,
				EC68CCA62B54ACEB0052CCE1 /* Frameworks */,
				EC68CCA72B54ACEB0052CCE1 /* Resources */,
			);
			buildRules = (
			);
			dependencies = (
				EC68CCAB2B54ACEB0052CCE1 /* PBXTargetDependency */,
			);
			name = application1Tests;
			productName = application1Tests;
			productReference = EC68CCA92B54ACEB0052CCE1 /* application1Tests.xctest */;
			productType = "com.apple.product-type.bundle.unit-test";
		};
		EC68CCB22B54ACEB0052CCE1 /* application1UITests */ = {
			isa = PBXNativeTarget;
			buildConfigurationList = EC68CCC32B54ACEB0052CCE1 /* Build configuration list for PBXNativeTarget "application1UITests" */;
			buildPhases = (
				EC68CCAF2B54ACEB0052CCE1 /* Sources */,
				EC68CCB02B54ACEB0052CCE1 /* Frameworks */,
				EC68CCB12B54ACEB0052CCE1 /* Resources */,
			);
			buildRules = (
			);
			dependencies = (
				EC68CCB52B54ACEB0052CCE1 /* PBXTargetDependency */,
			);
			name = application1UITests;
			productName = application1UITests;
			productReference = EC68CCB32B54ACEB0052CCE1 /* application1UITests.xctest */;
			productType = "com.apple.product-type.bundle.ui-testing";
		};
/* End PBXNativeTarget section */

/* Begin PBXProject section */
		EC68CC8B2B54ACEA0052CCE1 /* Project object */ = {
			isa = PBXProject;
			attributes = {
				BuildIndependentTargetsInParallel = 1;
				LastSwiftUpdateCheck = 1420;
				LastUpgradeCheck = 1420;
				TargetAttributes = {
					EC68CC922B54ACEA0052CCE1 = {
						CreatedOnToolsVersion = 14.2;
					};
					EC68CCA82B54ACEB0052CCE1 = {
						CreatedOnToolsVersion = 14.2;
						TestTargetID = EC68CC922B54ACEA0052CCE1;
					};
					EC68CCB22B54ACEB0052CCE1 = {
						CreatedOnToolsVersion = 14.2;
						TestTargetID = EC68CC922B54ACEA0052CCE1;
					};
				};
			};
			buildConfigurationList = EC68CC8E2B54ACEA0052CCE1 /* Build configuration list for PBXProject "application1" */;
			compatibilityVersion = "Xcode 14.0";
			developmentRegion = en;
			hasScannedForEncodings = 0;
			knownRegions = (
				en,
				Base,
			);
			mainGroup = EC68CC8A2B54ACEA0052CCE1;
			productRefGroup = EC68CC942B54ACEA0052CCE1 /* Products */;
			projectDirPath = "";
			projectRoot = "";
			targets = (
				EC68CC922B54ACEA0052CCE1 /* application1 */,
				EC68CCA82B54ACEB0052CCE1 /* application1Tests */,
				EC68CCB22B54ACEB0052CCE1 /* application1UITests */,
			);
		};
/* End PBXProject section */

/* Begin PBXResourcesBuildPhase section */
		EC68CC912B54ACEA0052CCE1 /* Resources */ = {
			isa = PBXResourcesBuildPhase;
			buildActionMask = 2147483647;
			files = (
				EC68CCA32B54ACEB0052CCE1 /* LaunchScreen.storyboard in Resources */,
				EC68CCA02B54ACEB0052CCE1 /* Assets.xcassets in Resources */,
				EC68CC9E2B54ACEA0052CCE1 /* Main.storyboard in Resources */,
			);
			runOnlyForDeploymentPostprocessing = 0;
		};
		EC68CCA72B54ACEB0052CCE1 /* Resources */ = {
			isa = PBXResourcesBuildPhase;
			buildActionMask = 2147483647;
			files = (
			);
			runOnlyForDeploymentPostprocessing = 0;
		};
		EC68CCB12B54ACEB0052CCE1 /* Resources */ = {
			isa = PBXResourcesBuildPhase;
			buildActionMask = 2147483647;
			files = (
			);
			runOnlyForDeploymentPostprocessing = 0;
		};
/* End PBXResourcesBuildPhase section */

/* Begin PBXSourcesBuildPhase section */
		EC68CC8F2B54ACEA0052CCE1 /* Sources */ = {
			isa = PBXSourcesBuildPhase;
			buildActionMask = 2147483647;
			files = (
				EC68CC9B2B54ACEA0052CCE1 /* ViewController.swift in Sources */,
				EC68CC972B54ACEA0052CCE1 /* AppDelegate.swift in Sources */,
				EC68CC992B54ACEA0052CCE1 /* SceneDelegate.swift in Sources */,
			);
			runOnlyForDeploymentPostprocessing = 0;
		};
		EC68CCA52B54ACEB0052CCE1 /* Sources */ = {
			isa = PBXSourcesBuildPhase;
			buildActionMask = 2147483647;
			files = (
				EC68CCAE2B54ACEB0052CCE1 /* application1Tests.swift in Sources */,
			);
			runOnlyForDeploymentPostprocessing = 0;
		};
		EC68CCAF2B54ACEB0052CCE1 /* Sources */ = {
			isa = PBXSourcesBuildPhase;
			buildActionMask = 2147483647;
			files = (
				EC68CCB82B54ACEB0052CCE1 /* application1UITests.swift in Sources */,
				EC68CCBA2B54ACEB0052CCE1 /* application1UITestsLaunchTests.swift in Sources */,
			);
			runOnlyForDeploymentPostprocessing = 0;
		};
/* End PBXSourcesBuildPhase section */

/* Begin PBXTargetDependency section */
		EC68CCAB2B54ACEB0052CCE1 /* PBXTargetDependency */ = {
			isa = PBXTargetDependency;
			target = EC68CC922B54ACEA0052CCE1 /* application1 */;
			targetProxy = EC68CCAA2B54ACEB0052CCE1 /* PBXContainerItemProxy */;
		};
		EC68CCB52B54ACEB0052CCE1 /* PBXTargetDependency */ = {
			isa = PBXTargetDependency;
			target = EC68CC922B54ACEA0052CCE1 /* application1 */;
			targetProxy = EC68CCB42B54ACEB0052CCE1 /* PBXContainerItemProxy */;
		};
/* End PBXTargetDependency section */

/* Begin PBXVariantGroup section */
		EC68CC9C2B54ACEA0052CCE1 /* Main.storyboard */ = {
			isa = PBXVariantGroup;
			children = (
				EC68CC9D2B54ACEA0052CCE1 /* Base */,
			);
			name = Main.storyboard;
			sourceTree = "<group>";
		};
		EC68CCA12B54ACEB0052CCE1 /* LaunchScreen.storyboard */ = {
			isa = PBXVariantGroup;
			children = (
				EC68CCA22B54ACEB0052CCE1 /* Base */,
			);
			name = LaunchScreen.storyboard;
			sourceTree = "<group>";
		};
/* End PBXVariantGroup section */

/* Begin XCBuildConfiguration section */
		EC68CCBB2B54ACEB0052CCE1 /* Debug */ = {
			isa = XCBuildConfiguration;
			buildSettings = {
				ALWAYS_SEARCH_USER_PATHS = NO;
				CLANG_ANALYZER_NONNULL = YES;
				CLANG_ANALYZER_NUMBER_OBJECT_CONVERSION = YES_AGGRESSIVE;
				CLANG_CXX_LANGUAGE_STANDARD = "gnu++20";
				CLANG_ENABLE_MODULES = YES;
				CLANG_ENABLE_OBJC_ARC = YES;
				CLANG_ENABLE_OBJC_WEAK = YES;
				CLANG_WARN_BLOCK_CAPTURE_AUTORELEASING = YES;
				CLANG_WARN_BOOL_CONVERSION = YES;
				CLANG_WARN_COMMA = YES;
				CLANG_WARN_CONSTANT_CONVERSION = YES;
				CLANG_WARN_DEPRECATED_OBJC_IMPLEMENTATIONS = YES;
				CLANG_WARN_DIRECT_OBJC_ISA_USAGE = YES_ERROR;
				CLANG_WARN_DOCUMENTATION_COMMENTS = YES;
				CLANG_WARN_EMPTY_BODY = YES;
				CLANG_WARN_ENUM_CONVERSION = YES;
				CLANG_WARN_INFINITE_RECURSION = YES;
				CLANG_WARN_INT_CONVERSION = YES;
				CLANG_WARN_NON_LITERAL_NULL_CONVERSION = YES;
				CLANG_WARN_OBJC_IMPLICIT_RETAIN_SELF = YES;
				CLANG_WARN_OBJC_LITERAL_CONVERSION = YES;
				CLANG_WARN_OBJC_ROOT_CLASS = YES_ERROR;
				CLANG_WARN_QUOTED_INCLUDE_IN_FRAMEWORK_HEADER = YES;
				CLANG_WARN_RANGE_LOOP_ANALYSIS = YES;
				CLANG_WARN_STRICT_PROTOTYPES = YES;
				CLANG_WARN_SUSPICIOUS_MOVE = YES;
				CLANG_WARN_UNGUARDED_AVAILABILITY = YES_AGGRESSIVE;
				CLANG_WARN_UNREACHABLE_CODE = YES;
				CLANG_WARN__DUPLICATE_METHOD_MATCH = YES;
				COPY_PHASE_STRIP = NO;
				DEBUG_INFORMATION_FORMAT = dwarf;
				ENABLE_STRICT_OBJC_MSGSEND = YES;
				ENABLE_TESTABILITY = YES;
				GCC_C_LANGUAGE_STANDARD = gnu11;
				GCC_DYNAMIC_NO_PIC = NO;
				GCC_NO_COMMON_BLOCKS = YES;
				GCC_OPTIMIZATION_LEVEL = 0;
				GCC_PREPROCESSOR_DEFINITIONS = (
					"DEBUG=1",
					"$(inherited)",
				);
				GCC_WARN_64_TO_32_BIT_CONVERSION = YES;
				GCC_WARN_ABOUT_RETURN_TYPE = YES_ERROR;
				GCC_WARN_UNDECLARED_SELECTOR = YES;
				GCC_WARN_UNINITIALIZED_AUTOS = YES_AGGRESSIVE;
				GCC_WARN_UNUSED_FUNCTION = YES;
				GCC_WARN_UNUSED_VARIABLE = YES;
				IPHONEOS_DEPLOYMENT_TARGET = 16.2;
				MTL_ENABLE_DEBUG_INFO = INCLUDE_SOURCE;
				MTL_FAST_MATH = YES;
				ONLY_ACTIVE_ARCH = YES;
				SDKROOT = iphoneos;
				SWIFT_ACTIVE_COMPILATION_CONDITIONS = DEBUG;
				SWIFT_OPTIMIZATION_LEVEL = "-Onone";
			};
			name = Debug;
		};
		EC68CCBC2B54ACEB0052CCE1 /* Release */ = {
			isa = XCBuildConfiguration;
			buildSettings = {
				ALWAYS_SEARCH_USER_PATHS = NO;
				CLANG_ANALYZER_NONNULL = YES;
				CLANG_ANALYZER_NUMBER_OBJECT_CONVERSION = YES_AGGRESSIVE;
				CLANG_CXX_LANGUAGE_STANDARD = "gnu++20";
				CLANG_ENABLE_MODULES = YES;
				CLANG_ENABLE_OBJC_ARC = YES;
				CLANG_ENABLE_OBJC_WEAK = YES;
				CLANG_WARN_BLOCK_CAPTURE_AUTORELEASING = YES;
				CLANG_WARN_BOOL_CONVERSION = YES;
				CLANG_WARN_COMMA = YES;
				CLANG_WARN_CONSTANT_CONVERSION = YES;
				CLANG_WARN_DEPRECATED_OBJC_IMPLEMENTATIONS = YES;
				CLANG_WARN_DIRECT_OBJC_ISA_USAGE = YES_ERROR;
				CLANG_WARN_DOCUMENTATION_COMMENTS = YES;
				CLANG_WARN_EMPTY_BODY = YES;
				CLANG_WARN_ENUM_CONVERSION = YES;
				CLANG_WARN_INFINITE_RECURSION = YES;
				CLANG_WARN_INT_CONVERSION = YES;
				CLANG_WARN_NON_LITERAL_NULL_CONVERSION = YES;
				CLANG_WARN_OBJC_IMPLICIT_RETAIN_SELF = YES;
				CLANG_WARN_OBJC_LITERAL_CONVERSION = YES;
				CLANG_WARN_OBJC_ROOT_CLASS = YES_ERROR;
				CLANG_WARN_QUOTED_INCLUDE_IN_FRAMEWORK_HEADER = YES;
				CLANG_WARN_RANGE_LOOP_ANALYSIS = YES;
				CLANG_WARN_STRICT_PROTOTYPES = YES;
				CLANG_WARN_SUSPICIOUS_MOVE = YES;
				CLANG_WARN_UNGUARDED_AVAILABILITY = YES_AGGRESSIVE;
				CLANG_WARN_UNREACHABLE_CODE = YES;
				CLANG_WARN__DUPLICATE_METHOD_MATCH = YES;
				COPY_PHASE_STRIP = NO;
				DEBUG_INFORMATION_FORMAT = "dwarf-with-dsym";
				ENABLE_NS_ASSERTIONS = NO;
				ENABLE_STRICT_OBJC_MSGSEND = YES;
				GCC_C_LANGUAGE_STANDARD = gnu11;
				GCC_NO_COMMON_BLOCKS = YES;
				GCC_WARN_64_TO_32_BIT_CONVERSION = YES;
				GCC_WARN_ABOUT_RETURN_TYPE = YES_ERROR;
				GCC_WARN_UNDECLARED_SELECTOR = YES;
				GCC_WARN_UNINITIALIZED_AUTOS = YES_AGGRESSIVE;
				GCC_WARN_UNUSED_FUNCTION = YES;
				GCC_WARN_UNUSED_VARIABLE = YES;
				IPHONEOS_DEPLOYMENT_TARGET = 16.2;
				MTL_ENABLE_DEBUG_INFO = NO;
				MTL_FAST_MATH = YES;
				SDKROOT = iphoneos;
				SWIFT_COMPILATION_MODE = wholemodule;
				SWIFT_OPTIMIZATION_LEVEL = "-O";
				VALIDATE_PRODUCT = YES;
			};
			name = Release;
		};
		EC68CCBE2B54ACEB0052CCE1 /* Debug */ = {
			isa = XCBuildConfiguration;
			buildSettings = {
				ASSETCATALOG_COMPILER_APPICON_NAME = AppIcon;
				ASSETCATALOG_COMPILER_GLOBAL_ACCENT_COLOR_NAME = AccentColor;
				CODE_SIGN_STYLE = Automatic;
				CURRENT_PROJECT_VERSION = 1;
				GENERATE_INFOPLIST_FILE = YES;
				INFOPLIST_FILE = application1/Info.plist;
				INFOPLIST_KEY_UIApplicationSupportsIndirectInputEvents = YES;
				INFOPLIST_KEY_UILaunchStoryboardName = LaunchScreen;
				INFOPLIST_KEY_UIMainStoryboardFile = Main;
				INFOPLIST_KEY_UISupportedInterfaceOrientations_iPad = "UIInterfaceOrientationPortrait UIInterfaceOrientationPortraitUpsideDown UIInterfaceOrientationLandscapeLeft UIInterfaceOrientationLandscapeRight";
				INFOPLIST_KEY_UISupportedInterfaceOrientations_iPhone = "UIInterfaceOrientationPortrait UIInterfaceOrientationLandscapeLeft UIInterfaceOrientationLandscapeRight";
				LD_RUNPATH_SEARCH_PATHS = (
					"$(inherited)",
					"@executable_path/Frameworks",
				);
				MARKETING_VERSION = 1.0;
				PRODUCT_BUNDLE_IDENTIFIER = conestoga.application1;
				PRODUCT_NAME = "$(TARGET_NAME)";
				SWIFT_EMIT_LOC_STRINGS = YES;
				SWIFT_VERSION = 5.0;
				TARGETED_DEVICE_FAMILY = "1,2";
			};
			name = Debug;
		};
		EC68CCBF2B54ACEB0052CCE1 /* Release */ = {
			isa = XCBuildConfiguration;
			buildSettings = {
				ASSETCATALOG_COMPILER_APPICON_NAME = AppIcon;
				ASSETCATALOG_COMPILER_GLOBAL_ACCENT_COLOR_NAME = AccentColor;
				CODE_SIGN_STYLE = Automatic;
				CURRENT_PROJECT_VERSION = 1;
				GENERATE_INFOPLIST_FILE = YES;
				INFOPLIST_FILE = application1/Info.plist;
				INFOPLIST_KEY_UIApplicationSupportsIndirectInputEvents = YES;
				INFOPLIST_KEY_UILaunchStoryboardName = LaunchScreen;
				INFOPLIST_KEY_UIMainStoryboardFile = Main;
				INFOPLIST_KEY_UISupportedInterfaceOrientations_iPad = "UIInterfaceOrientationPortrait UIInterfaceOrientationPortraitUpsideDown UIInterfaceOrientationLandscapeLeft UIInterfaceOrientationLandscapeRight";
				INFOPLIST_KEY_UISupportedInterfaceOrientations_iPhone = "UIInterfaceOrientationPortrait UIInterfaceOrientationLandscapeLeft UIInterfaceOrientationLandscapeRight";
				LD_RUNPATH_SEARCH_PATHS = (
					"$(inherited)",
					"@executable_path/Frameworks",
				);
				MARKETING_VERSION = 1.0;
				PRODUCT_BUNDLE_IDENTIFIER = conestoga.application1;
				PRODUCT_NAME = "$(TARGET_NAME)";
				SWIFT_EMIT_LOC_STRINGS = YES;
				SWIFT_VERSION = 5.0;
				TARGETED_DEVICE_FAMILY = "1,2";
			};
			name = Release;
		};
		EC68CCC12B54ACEB0052CCE1 /* Debug */ = {
			isa = XCBuildConfiguration;
			buildSettings = {
				ALWAYS_EMBED_SWIFT_STANDARD_LIBRARIES = YES;
				BUNDLE_LOADER = "$(TEST_HOST)";
				CODE_SIGN_STYLE = Automatic;
				CURRENT_PROJECT_VERSION = 1;
				GENERATE_INFOPLIST_FILE = YES;
				IPHONEOS_DEPLOYMENT_TARGET = 16.2;
				MARKETING_VERSION = 1.0;
				PRODUCT_BUNDLE_IDENTIFIER = conestoga.application1Tests;
				PRODUCT_NAME = "$(TARGET_NAME)";
				SWIFT_EMIT_LOC_STRINGS = NO;
				SWIFT_VERSION = 5.0;
				TARGETED_DEVICE_FAMILY = "1,2";
				TEST_HOST = "$(BUILT_PRODUCTS_DIR)/application1.app/$(BUNDLE_EXECUTABLE_FOLDER_PATH)/application1";
			};
			name = Debug;
		};
		EC68CCC22B54ACEB0052CCE1 /* Release */ = {
			isa = XCBuildConfiguration;
			buildSettings = {
				ALWAYS_EMBED_SWIFT_STANDARD_LIBRARIES = YES;
				BUNDLE_LOADER = "$(TEST_HOST)";
				CODE_SIGN_STYLE = Automatic;
				CURRENT_PROJECT_VERSION = 1;
				GENERATE_INFOPLIST_FILE = YES;
				IPHONEOS_DEPLOYMENT_TARGET = 16.2;
				MARKETING_VERSION = 1.0;
				PRODUCT_BUNDLE_IDENTIFIER = conestoga.application1Tests;
				PRODUCT_NAME = "$(TARGET_NAME)";
				SWIFT_EMIT_LOC_STRINGS = NO;
				SWIFT_VERSION = 5.0;
				TARGETED_DEVICE_FAMILY = "1,2";
				TEST_HOST = "$(BUILT_PRODUCTS_DIR)/application1.app/$(BUNDLE_EXECUTABLE_FOLDER_PATH)/application1";
			};
			name = Release;
		};
		EC68CCC42B54ACEB0052CCE1 /* Debug */ = {
			isa = XCBuildConfiguration;
			buildSettings = {
				ALWAYS_EMBED_SWIFT_STANDARD_LIBRARIES = YES;
				CODE_SIGN_STYLE = Automatic;
				CURRENT_PROJECT_VERSION = 1;
				GENERATE_INFOPLIST_FILE = YES;
				MARKETING_VERSION = 1.0;
				PRODUCT_BUNDLE_IDENTIFIER = conestoga.application1UITests;
				PRODUCT_NAME = "$(TARGET_NAME)";
				SWIFT_EMIT_LOC_STRINGS = NO;
				SWIFT_VERSION = 5.0;
				TARGETED_DEVICE_FAMILY = "1,2";
				TEST_TARGET_NAME = application1;
			};
			name = Debug;
		};
		EC68CCC52B54ACEB0052CCE1 /* Release */ = {
			isa = XCBuildConfiguration;
			buildSettings = {
				ALWAYS_EMBED_SWIFT_STANDARD_LIBRARIES = YES;
				CODE_SIGN_STYLE = Automatic;
				CURRENT_PROJECT_VERSION = 1;
				GENERATE_INFOPLIST_FILE = YES;
				MARKETING_VERSION = 1.0;
				PRODUCT_BUNDLE_IDENTIFIER = conestoga.application1UITests;
				PRODUCT_NAME = "$(TARGET_NAME)";
				SWIFT_EMIT_LOC_STRINGS = NO;
				SWIFT_VERSION = 5.0;
				TARGETED_DEVICE_FAMILY = "1,2";
				TEST_TARGET_NAME = application1;
			};
			name = Release;
		};
/* End XCBuildConfiguration section */

/* Begin XCConfigurationList section */
		EC68CC8E2B54ACEA0052CCE1 /* Build configuration list for PBXProject "application1" */ = {
			isa = XCConfigurationList;
			buildConfigurations = (
				EC68CCBB2B54ACEB0052CCE1 /* Debug */,
				EC68CCBC2B54ACEB0052CCE1 /* Release */,
			);
			defaultConfigurationIsVisible = 0;
			defaultConfigurationName = Release;
		};
		EC68CCBD2B54ACEB0052CCE1 /* Build configuration list for PBXNativeTarget "application1" */ = {
			isa = XCConfigurationList;
			buildConfigurations = (
				EC68CCBE2B54ACEB0052CCE1 /* Debug */,
				EC68CCBF2B54ACEB0052CCE1 /* Release */,
			);
			defaultConfigurationIsVisible = 0;
			defaultConfigurationName = Release;
		};
		EC68CCC02B54ACEB0052CCE1 /* Build configuration list for PBXNativeTarget "application1Tests" */ = {
			isa = XCConfigurationList;
			buildConfigurations = (
				EC68CCC12B54ACEB0052CCE1 /* Debug */,
				EC68CCC22B54ACEB0052CCE1 /* Release */,
			);
			defaultConfigurationIsVisible = 0;
			defaultConfigurationName = Release;
		};
		EC68CCC32B54ACEB0052CCE1 /* Build configuration list for PBXNativeTarget "application1UITests" */ = {
			isa = XCConfigurationList;
			buildConfigurations = (
				EC68CCC42B54ACEB0052CCE1 /* Debug */,
				EC68CCC52B54ACEB0052CCE1 /* Release */,
			);
			defaultConfigurationIsVisible = 0;
			defaultConfigurationName = Release;
		};
/* End XCConfigurationList section */
	};
	rootObject = EC68CC8B2B54ACEA0052CCE1 /* Project object */;
}
